// !$*UTF8*$!
{
	archiveVersion = 1;
	classes = {
	};
	objectVersion = 50;
	objects = {

/* Begin PBXBuildFile section */
		6D283B1023A6CED9002BA500 /* DetailViewController.swift in Sources */ = {isa = PBXBuildFile; fileRef = 6D283B0F23A6CED9002BA500 /* DetailViewController.swift */; };
		6D394B2123B6C60B0003E84A /* SavedEventsViewController.swift in Sources */ = {isa = PBXBuildFile; fileRef = 6D394B2023B6C60B0003E84A /* SavedEventsViewController.swift */; };
		6D55A55023C11F9D00B4B7C3 /* SignUpViewController.swift in Sources */ = {isa = PBXBuildFile; fileRef = 6D55A54F23C11F9D00B4B7C3 /* SignUpViewController.swift */; };
		6D55A55223C11FB400B4B7C3 /* LoginViewController.swift in Sources */ = {isa = PBXBuildFile; fileRef = 6D55A55123C11FB400B4B7C3 /* LoginViewController.swift */; };
		6D55A55423C1207600B4B7C3 /* ProfileViewController.swift in Sources */ = {isa = PBXBuildFile; fileRef = 6D55A55323C1207600B4B7C3 /* ProfileViewController.swift */; };
		6D5C8B6A23A42B8900011513 /* AppDelegate.swift in Sources */ = {isa = PBXBuildFile; fileRef = 6D5C8B6923A42B8900011513 /* AppDelegate.swift */; };
		6D5C8B6C23A42B8900011513 /* SceneDelegate.swift in Sources */ = {isa = PBXBuildFile; fileRef = 6D5C8B6B23A42B8900011513 /* SceneDelegate.swift */; };
		6D5C8B6E23A42B8900011513 /* ViewController.swift in Sources */ = {isa = PBXBuildFile; fileRef = 6D5C8B6D23A42B8900011513 /* ViewController.swift */; };
		6D5C8B7123A42B8900011513 /* Main.storyboard in Resources */ = {isa = PBXBuildFile; fileRef = 6D5C8B6F23A42B8900011513 /* Main.storyboard */; };
		6D5C8B7423A42B8900011513 /* BorderlessFinderIOS.xcdatamodeld in Sources */ = {isa = PBXBuildFile; fileRef = 6D5C8B7223A42B8900011513 /* BorderlessFinderIOS.xcdatamodeld */; };
		6D5C8B7623A42B8A00011513 /* Assets.xcassets in Resources */ = {isa = PBXBuildFile; fileRef = 6D5C8B7523A42B8A00011513 /* Assets.xcassets */; };
		6D5C8B7923A42B8A00011513 /* LaunchScreen.storyboard in Resources */ = {isa = PBXBuildFile; fileRef = 6D5C8B7723A42B8A00011513 /* LaunchScreen.storyboard */; };
		6D5C8B8323A42F5400011513 /* CalendarVars.swift in Sources */ = {isa = PBXBuildFile; fileRef = 6D5C8B8223A42F5400011513 /* CalendarVars.swift */; };
		6D5C8B8B23A436A200011513 /* DateCollectionViewCell.swift in Sources */ = {isa = PBXBuildFile; fileRef = 6D5C8B8A23A436A200011513 /* DateCollectionViewCell.swift */; };
		6D925C6823B65F5D009D17B6 /* CreateEventViewController.swift in Sources */ = {isa = PBXBuildFile; fileRef = 6D925C6723B65F5D009D17B6 /* CreateEventViewController.swift */; };
		6D925C6B23B6B93E009D17B6 /* Events+CoreDataClass.swift in Sources */ = {isa = PBXBuildFile; fileRef = 6D925C6923B6B93E009D17B6 /* Events+CoreDataClass.swift */; };
		6D925C6C23B6B93E009D17B6 /* Events+CoreDataProperties.swift in Sources */ = {isa = PBXBuildFile; fileRef = 6D925C6A23B6B93E009D17B6 /* Events+CoreDataProperties.swift */; };
/* End PBXBuildFile section */

/* Begin PBXFileReference section */
		6D283B0F23A6CED9002BA500 /* DetailViewController.swift */ = {isa = PBXFileReference; lastKnownFileType = sourcecode.swift; path = DetailViewController.swift; sourceTree = "<group>"; };
		6D394B2023B6C60B0003E84A /* SavedEventsViewController.swift */ = {isa = PBXFileReference; lastKnownFileType = sourcecode.swift; path = SavedEventsViewController.swift; sourceTree = "<group>"; };
		6D55A54F23C11F9D00B4B7C3 /* SignUpViewController.swift */ = {isa = PBXFileReference; lastKnownFileType = sourcecode.swift; path = SignUpViewController.swift; sourceTree = "<group>"; };
		6D55A55123C11FB400B4B7C3 /* LoginViewController.swift */ = {isa = PBXFileReference; lastKnownFileType = sourcecode.swift; path = LoginViewController.swift; sourceTree = "<group>"; };
		6D55A55323C1207600B4B7C3 /* ProfileViewController.swift */ = {isa = PBXFileReference; lastKnownFileType = sourcecode.swift; path = ProfileViewController.swift; sourceTree = "<group>"; };
		6D5C8B6623A42B8900011513 /* BorderlessFinderIOS.app */ = {isa = PBXFileReference; explicitFileType = wrapper.application; includeInIndex = 0; path = BorderlessFinderIOS.app; sourceTree = BUILT_PRODUCTS_DIR; };
		6D5C8B6923A42B8900011513 /* AppDelegate.swift */ = {isa = PBXFileReference; lastKnownFileType = sourcecode.swift; path = AppDelegate.swift; sourceTree = "<group>"; };
		6D5C8B6B23A42B8900011513 /* SceneDelegate.swift */ = {isa = PBXFileReference; lastKnownFileType = sourcecode.swift; path = SceneDelegate.swift; sourceTree = "<group>"; };
		6D5C8B6D23A42B8900011513 /* ViewController.swift */ = {isa = PBXFileReference; lastKnownFileType = sourcecode.swift; path = ViewController.swift; sourceTree = "<group>"; };
		6D5C8B7023A42B8900011513 /* Base */ = {isa = PBXFileReference; lastKnownFileType = file.storyboard; name = Base; path = Base.lproj/Main.storyboard; sourceTree = "<group>"; };
		6D5C8B7323A42B8900011513 /* BorderlessFinderIOS.xcdatamodel */ = {isa = PBXFileReference; lastKnownFileType = wrapper.xcdatamodel; path = BorderlessFinderIOS.xcdatamodel; sourceTree = "<group>"; };
		6D5C8B7523A42B8A00011513 /* Assets.xcassets */ = {isa = PBXFileReference; lastKnownFileType = folder.assetcatalog; path = Assets.xcassets; sourceTree = "<group>"; };
		6D5C8B7823A42B8A00011513 /* Base */ = {isa = PBXFileReference; lastKnownFileType = file.storyboard; name = Base; path = Base.lproj/LaunchScreen.storyboard; sourceTree = "<group>"; };
		6D5C8B7A23A42B8A00011513 /* Info.plist */ = {isa = PBXFileReference; lastKnownFileType = text.plist.xml; path = Info.plist; sourceTree = "<group>"; };
		6D5C8B8223A42F5400011513 /* CalendarVars.swift */ = {isa = PBXFileReference; lastKnownFileType = sourcecode.swift; path = CalendarVars.swift; sourceTree = "<group>"; };
		6D5C8B8A23A436A200011513 /* DateCollectionViewCell.swift */ = {isa = PBXFileReference; lastKnownFileType = sourcecode.swift; path = DateCollectionViewCell.swift; sourceTree = "<group>"; };
		6D925C6723B65F5D009D17B6 /* CreateEventViewController.swift */ = {isa = PBXFileReference; lastKnownFileType = sourcecode.swift; path = CreateEventViewController.swift; sourceTree = "<group>"; };
		6D925C6923B6B93E009D17B6 /* Events+CoreDataClass.swift */ = {isa = PBXFileReference; lastKnownFileType = sourcecode.swift; path = "Events+CoreDataClass.swift"; sourceTree = "<group>"; };
		6D925C6A23B6B93E009D17B6 /* Events+CoreDataProperties.swift */ = {isa = PBXFileReference; lastKnownFileType = sourcecode.swift; path = "Events+CoreDataProperties.swift"; sourceTree = "<group>"; };
/* End PBXFileReference section */

/* Begin PBXFrameworksBuildPhase section */
		6D5C8B6323A42B8900011513 /* Frameworks */ = {
			isa = PBXFrameworksBuildPhase;
			buildActionMask = 2147483647;
			files = (
			);
			runOnlyForDeploymentPostprocessing = 0;
		};
/* End PBXFrameworksBuildPhase section */

/* Begin PBXGroup section */
		6D5C8B5D23A42B8900011513 = {
			isa = PBXGroup;
			children = (
				6D925C6923B6B93E009D17B6 /* Events+CoreDataClass.swift */,
				6D925C6A23B6B93E009D17B6 /* Events+CoreDataProperties.swift */,
				6D5C8B6823A42B8900011513 /* BorderlessFinderIOS */,
				6D5C8B6723A42B8900011513 /* Products */,
			);
			sourceTree = "<group>";
		};
		6D5C8B6723A42B8900011513 /* Products */ = {
			isa = PBXGroup;
			children = (
				6D5C8B6623A42B8900011513 /* BorderlessFinderIOS.app */,
			);
			name = Products;
			sourceTree = "<group>";
		};
		6D5C8B6823A42B8900011513 /* BorderlessFinderIOS */ = {
			isa = PBXGroup;
			children = (
				6D5C8B6923A42B8900011513 /* AppDelegate.swift */,
				6D5C8B6B23A42B8900011513 /* SceneDelegate.swift */,
				6D5C8B8223A42F5400011513 /* CalendarVars.swift */,
				6D5C8B6D23A42B8900011513 /* ViewController.swift */,
				6D5C8B8A23A436A200011513 /* DateCollectionViewCell.swift */,
				6D283B0F23A6CED9002BA500 /* DetailViewController.swift */,
				6D925C6723B65F5D009D17B6 /* CreateEventViewController.swift */,
				6D394B2023B6C60B0003E84A /* SavedEventsViewController.swift */,
				6D55A54F23C11F9D00B4B7C3 /* SignUpViewController.swift */,
				6D55A55123C11FB400B4B7C3 /* LoginViewController.swift */,
				6D55A55323C1207600B4B7C3 /* ProfileViewController.swift */,
				6D5C8B6F23A42B8900011513 /* Main.storyboard */,
				6D5C8B7523A42B8A00011513 /* Assets.xcassets */,
				6D5C8B7723A42B8A00011513 /* LaunchScreen.storyboard */,
				6D5C8B7A23A42B8A00011513 /* Info.plist */,
				6D5C8B7223A42B8900011513 /* BorderlessFinderIOS.xcdatamodeld */,
			);
			path = BorderlessFinderIOS;
			sourceTree = "<group>";
		};
/* End PBXGroup section */

/* Begin PBXNativeTarget section */
		6D5C8B6523A42B8900011513 /* BorderlessFinderIOS */ = {
			isa = PBXNativeTarget;
			buildConfigurationList = 6D5C8B7D23A42B8A00011513 /* Build configuration list for PBXNativeTarget "BorderlessFinderIOS" */;
			buildPhases = (
				6D5C8B6223A42B8900011513 /* Sources */,
				6D5C8B6323A42B8900011513 /* Frameworks */,
				6D5C8B6423A42B8900011513 /* Resources */,
			);
			buildRules = (
			);
			dependencies = (
			);
			name = BorderlessFinderIOS;
			productName = BorderlessFinderIOS;
			productReference = 6D5C8B6623A42B8900011513 /* BorderlessFinderIOS.app */;
			productType = "com.apple.product-type.application";
		};
/* End PBXNativeTarget section */

/* Begin PBXProject section */
		6D5C8B5E23A42B8900011513 /* Project object */ = {
			isa = PBXProject;
			attributes = {
				LastSwiftUpdateCheck = 1130;
				LastUpgradeCheck = 1130;
				ORGANIZATIONNAME = computerscience;
				TargetAttributes = {
					6D5C8B6523A42B8900011513 = {
						CreatedOnToolsVersion = 11.3;
					};
				};
			};
			buildConfigurationList = 6D5C8B6123A42B8900011513 /* Build configuration list for PBXProject "BorderlessFinderIOS" */;
			compatibilityVersion = "Xcode 9.3";
			developmentRegion = en;
			hasScannedForEncodings = 0;
			knownRegions = (
				en,
				Base,
			);
			mainGroup = 6D5C8B5D23A42B8900011513;
			productRefGroup = 6D5C8B6723A42B8900011513 /* Products */;
			projectDirPath = "";
			projectRoot = "";
			targets = (
				6D5C8B6523A42B8900011513 /* BorderlessFinderIOS */,
			);
		};
/* End PBXProject section */

/* Begin PBXResourcesBuildPhase section */
		6D5C8B6423A42B8900011513 /* Resources */ = {
			isa = PBXResourcesBuildPhase;
			buildActionMask = 2147483647;
			files = (
				6D5C8B7923A42B8A00011513 /* LaunchScreen.storyboard in Resources */,
				6D5C8B7623A42B8A00011513 /* Assets.xcassets in Resources */,
				6D5C8B7123A42B8900011513 /* Main.storyboard in Resources */,
			);
			runOnlyForDeploymentPostprocessing = 0;
		};
/* End PBXResourcesBuildPhase section */

/* Begin PBXSourcesBuildPhase section */
		6D5C8B6223A42B8900011513 /* Sources */ = {
			isa = PBXSourcesBuildPhase;
			buildActionMask = 2147483647;
			files = (
				6D5C8B7423A42B8900011513 /* BorderlessFinderIOS.xcdatamodeld in Sources */,
				6D5C8B6E23A42B8900011513 /* ViewController.swift in Sources */,
				6D5C8B6A23A42B8900011513 /* AppDelegate.swift in Sources */,
				6D5C8B8323A42F5400011513 /* CalendarVars.swift in Sources */,
				6D55A55423C1207600B4B7C3 /* ProfileViewController.swift in Sources */,
				6D925C6C23B6B93E009D17B6 /* Events+CoreDataProperties.swift in Sources */,
				6D5C8B8B23A436A200011513 /* DateCollectionViewCell.swift in Sources */,
				6D55A55023C11F9D00B4B7C3 /* SignUpViewController.swift in Sources */,
				6D5C8B6C23A42B8900011513 /* SceneDelegate.swift in Sources */,
				6D925C6B23B6B93E009D17B6 /* Events+CoreDataClass.swift in Sources */,
				6D283B1023A6CED9002BA500 /* DetailViewController.swift in Sources */,
				6D925C6823B65F5D009D17B6 /* CreateEventViewController.swift in Sources */,
				6D55A55223C11FB400B4B7C3 /* LoginViewController.swift in Sources */,
				6D394B2123B6C60B0003E84A /* SavedEventsViewController.swift in Sources */,
			);
			runOnlyForDeploymentPostprocessing = 0;
		};
/* End PBXSourcesBuildPhase section */

/* Begin PBXVariantGroup section */
		6D5C8B6F23A42B8900011513 /* Main.storyboard */ = {
			isa = PBXVariantGroup;
			children = (
				6D5C8B7023A42B8900011513 /* Base */,
			);
			name = Main.storyboard;
			sourceTree = "<group>";
		};
		6D5C8B7723A42B8A00011513 /* LaunchScreen.storyboard */ = {
			isa = PBXVariantGroup;
			children = (
				6D5C8B7823A42B8A00011513 /* Base */,
			);
			name = LaunchScreen.storyboard;
			sourceTree = "<group>";
		};
/* End PBXVariantGroup section */

/* Begin XCBuildConfiguration section */
		6D5C8B7B23A42B8A00011513 /* Debug */ = {
			isa = XCBuildConfiguration;
			buildSettings = {
				ALWAYS_SEARCH_USER_PATHS = NO;
				CLANG_ANALYZER_NONNULL = YES;
				CLANG_ANALYZER_NUMBER_OBJECT_CONVERSION = YES_AGGRESSIVE;
				CLANG_CXX_LANGUAGE_STANDARD = "gnu++14";
				CLANG_CXX_LIBRARY = "libc++";
				CLANG_ENABLE_MODULES = YES;
				CLANG_ENABLE_OBJC_ARC = YES;
				CLANG_ENABLE_OBJC_WEAK = YES;
				CLANG_WARN_BLOCK_CAPTURE_AUTORELEASING = YES;
				CLANG_WARN_BOOL_CONVERSION = YES;
				CLANG_WARN_COMMA = YES;
				CLANG_WARN_CONSTANT_CONVERSION = YES;
				CLANG_WARN_DEPRECATED_OBJC_IMPLEMENTATIONS = YES;
				CLANG_WARN_DIRECT_OBJC_ISA_USAGE = YES_ERROR;
				CLANG_WARN_DOCUMENTATION_COMMENTS = YES;
				CLANG_WARN_EMPTY_BODY = YES;
				CLANG_WARN_ENUM_CONVERSION = YES;
				CLANG_WARN_INFINITE_RECURSION = YES;
				CLANG_WARN_INT_CONVERSION = YES;
				CLANG_WARN_NON_LITERAL_NULL_CONVERSION = YES;
				CLANG_WARN_OBJC_IMPLICIT_RETAIN_SELF = YES;
				CLANG_WARN_OBJC_LITERAL_CONVERSION = YES;
				CLANG_WARN_OBJC_ROOT_CLASS = YES_ERROR;
				CLANG_WARN_RANGE_LOOP_ANALYSIS = YES;
				CLANG_WARN_STRICT_PROTOTYPES = YES;
				CLANG_WARN_SUSPICIOUS_MOVE = YES;
				CLANG_WARN_UNGUARDED_AVAILABILITY = YES_AGGRESSIVE;
				CLANG_WARN_UNREACHABLE_CODE = YES;
				CLANG_WARN__DUPLICATE_METHOD_MATCH = YES;
				COPY_PHASE_STRIP = NO;
				DEBUG_INFORMATION_FORMAT = dwarf;
				ENABLE_STRICT_OBJC_MSGSEND = YES;
				ENABLE_TESTABILITY = YES;
				GCC_C_LANGUAGE_STANDARD = gnu11;
				GCC_DYNAMIC_NO_PIC = NO;
				GCC_NO_COMMON_BLOCKS = YES;
				GCC_OPTIMIZATION_LEVEL = 0;
				GCC_PREPROCESSOR_DEFINITIONS = (
					"DEBUG=1",
					"$(inherited)",
				);
				GCC_WARN_64_TO_32_BIT_CONVERSION = YES;
				GCC_WARN_ABOUT_RETURN_TYPE = YES_ERROR;
				GCC_WARN_UNDECLARED_SELECTOR = YES;
				GCC_WARN_UNINITIALIZED_AUTOS = YES_AGGRESSIVE;
				GCC_WARN_UNUSED_FUNCTION = YES;
				GCC_WARN_UNUSED_VARIABLE = YES;
				IPHONEOS_DEPLOYMENT_TARGET = 13.2;
				MTL_ENABLE_DEBUG_INFO = INCLUDE_SOURCE;
				MTL_FAST_MATH = YES;
				ONLY_ACTIVE_ARCH = YES;
				SDKROOT = iphoneos;
				SWIFT_ACTIVE_COMPILATION_CONDITIONS = DEBUG;
				SWIFT_OPTIMIZATION_LEVEL = "-Onone";
			};
			name = Debug;
		};
		6D5C8B7C23A42B8A00011513 /* Release */ = {
			isa = XCBuildConfiguration;
			buildSettings = {
				ALWAYS_SEARCH_USER_PATHS = NO;
				CLANG_ANALYZER_NONNULL = YES;
				CLANG_ANALYZER_NUMBER_OBJECT_CONVERSION = YES_AGGRESSIVE;
				CLANG_CXX_LANGUAGE_STANDARD = "gnu++14";
				CLANG_CXX_LIBRARY = "libc++";
				CLANG_ENABLE_MODULES = YES;
				CLANG_ENABLE_OBJC_ARC = YES;
				CLANG_ENABLE_OBJC_WEAK = YES;
				CLANG_WARN_BLOCK_CAPTURE_AUTORELEASING = YES;
				CLANG_WARN_BOOL_CONVERSION = YES;
				CLANG_WARN_COMMA = YES;
				CLANG_WARN_CONSTANT_CONVERSION = YES;
				CLANG_WARN_DEPRECATED_OBJC_IMPLEMENTATIONS = YES;
				CLANG_WARN_DIRECT_OBJC_ISA_USAGE = YES_ERROR;
				CLANG_WARN_DOCUMENTATION_COMMENTS = YES;
				CLANG_WARN_EMPTY_BODY = YES;
				CLANG_WARN_ENUM_CONVERSION = YES;
				CLANG_WARN_INFINITE_RECURSION = YES;
				CLANG_WARN_INT_CONVERSION = YES;
				CLANG_WARN_NON_LITERAL_NULL_CONVERSION = YES;
				CLANG_WARN_OBJC_IMPLICIT_RETAIN_SELF = YES;
				CLANG_WARN_OBJC_LITERAL_CONVERSION = YES;
				CLANG_WARN_OBJC_ROOT_CLASS = YES_ERROR;
				CLANG_WARN_RANGE_LOOP_ANALYSIS = YES;
				CLANG_WARN_STRICT_PROTOTYPES = YES;
				CLANG_WARN_SUSPICIOUS_MOVE = YES;
				CLANG_WARN_UNGUARDED_AVAILABILITY = YES_AGGRESSIVE;
				CLANG_WARN_UNREACHABLE_CODE = YES;
				CLANG_WARN__DUPLICATE_METHOD_MATCH = YES;
				COPY_PHASE_STRIP = NO;
				DEBUG_INFORMATION_FORMAT = "dwarf-with-dsym";
				ENABLE_NS_ASSERTIONS = NO;
				ENABLE_STRICT_OBJC_MSGSEND = YES;
				GCC_C_LANGUAGE_STANDARD = gnu11;
				GCC_NO_COMMON_BLOCKS = YES;
				GCC_WARN_64_TO_32_BIT_CONVERSION = YES;
				GCC_WARN_ABOUT_RETURN_TYPE = YES_ERROR;
				GCC_WARN_UNDECLARED_SELECTOR = YES;
				GCC_WARN_UNINITIALIZED_AUTOS = YES_AGGRESSIVE;
				GCC_WARN_UNUSED_FUNCTION = YES;
				GCC_WARN_UNUSED_VARIABLE = YES;
				IPHONEOS_DEPLOYMENT_TARGET = 13.2;
				MTL_ENABLE_DEBUG_INFO = NO;
				MTL_FAST_MATH = YES;
				SDKROOT = iphoneos;
				SWIFT_COMPILATION_MODE = wholemodule;
				SWIFT_OPTIMIZATION_LEVEL = "-O";
				VALIDATE_PRODUCT = YES;
			};
			name = Release;
		};
		6D5C8B7E23A42B8A00011513 /* Debug */ = {
			isa = XCBuildConfiguration;
			buildSettings = {
				ASSETCATALOG_COMPILER_APPICON_NAME = AppIcon;
				CODE_SIGN_STYLE = Automatic;
				DEVELOPMENT_TEAM = 2ZZ4CCJKNA;
				INFOPLIST_FILE = BorderlessFinderIOS/Info.plist;
				LD_RUNPATH_SEARCH_PATHS = (
					"$(inherited)",
					"@executable_path/Frameworks",
				);
				PRODUCT_BUNDLE_IDENTIFIER = com.computersceince.BorderlessFinderIOS;
				PRODUCT_NAME = "$(TARGET_NAME)";
				SWIFT_VERSION = 5.0;
				TARGETED_DEVICE_FAMILY = "1,2";
			};
			name = Debug;
		};
		6D5C8B7F23A42B8A00011513 /* Release */ = {
			isa = XCBuildConfiguration;
			buildSettings = {
				ASSETCATALOG_COMPILER_APPICON_NAME = AppIcon;
				CODE_SIGN_STYLE = Automatic;
				DEVELOPMENT_TEAM = 2ZZ4CCJKNA;
				INFOPLIST_FILE = BorderlessFinderIOS/Info.plist;
				LD_RUNPATH_SEARCH_PATHS = (
					"$(inherited)",
					"@executable_path/Frameworks",
				);
				PRODUCT_BUNDLE_IDENTIFIER = com.computersceince.BorderlessFinderIOS;
				PRODUCT_NAME = "$(TARGET_NAME)";
				SWIFT_VERSION = 5.0;
				TARGETED_DEVICE_FAMILY = "1,2";
			};
			name = Release;
		};
/* End XCBuildConfiguration section */

/* Begin XCConfigurationList section */
		6D5C8B6123A42B8900011513 /* Build configuration list for PBXProject "BorderlessFinderIOS" */ = {
			isa = XCConfigurationList;
			buildConfigurations = (
				6D5C8B7B23A42B8A00011513 /* Debug */,
				6D5C8B7C23A42B8A00011513 /* Release */,
			);
			defaultConfigurationIsVisible = 0;
			defaultConfigurationName = Release;
		};
		6D5C8B7D23A42B8A00011513 /* Build configuration list for PBXNativeTarget "BorderlessFinderIOS" */ = {
			isa = XCConfigurationList;
			buildConfigurations = (
				6D5C8B7E23A42B8A00011513 /* Debug */,
				6D5C8B7F23A42B8A00011513 /* Release */,
			);
			defaultConfigurationIsVisible = 0;
			defaultConfigurationName = Release;
		};
/* End XCConfigurationList section */

/* Begin XCVersionGroup section */
		6D5C8B7223A42B8900011513 /* BorderlessFinderIOS.xcdatamodeld */ = {
			isa = XCVersionGroup;
			children = (
				6D5C8B7323A42B8900011513 /* BorderlessFinderIOS.xcdatamodel */,
			);
			currentVersion = 6D5C8B7323A42B8900011513 /* BorderlessFinderIOS.xcdatamodel */;
			path = BorderlessFinderIOS.xcdatamodeld;
			sourceTree = "<group>";
			versionGroupType = wrapper.xcdatamodel;
		};
/* End XCVersionGroup section */
	};
	rootObject = 6D5C8B5E23A42B8900011513 /* Project object */;
}
